
Microsoft Visual Studio Solution File, Format Version 12.00
# Visual Studio Version 16
VisualStudioVersion = 16.0.29424.173
MinimumVisualStudioVersion = 10.0.40219.1
Project("{FAE04EC0-301F-11D3-BF4B-00C04F79EFBC}") = "Birne.API", "Birne.API\Birne.API.csproj", "{F7618772-2833-4A8E-B885-B6EFE81306B5}"
EndProject
Project("{FAE04EC0-301F-11D3-BF4B-00C04F79EFBC}") = "Birne.API.Tests", "Birne.API.Tests\Birne.API.Tests.csproj", "{C71271C7-368B-483F-8C2C-C13EF3F255B4}"
EndProject
Global
	GlobalSection(SolutionConfigurationPlatforms) = preSolution
		Debug|Any CPU = Debug|Any CPU
		Release|Any CPU = Release|Any CPU
	EndGlobalSection
	GlobalSection(ProjectConfigurationPlatforms) = postSolution
		{F7618772-2833-4A8E-B885-B6EFE81306B5}.Debug|Any CPU.ActiveCfg = Debug|Any CPU
		{F7618772-2833-4A8E-B885-B6EFE81306B5}.Debug|Any CPU.Build.0 = Debug|Any CPU
		{F7618772-2833-4A8E-B885-B6EFE81306B5}.Release|Any CPU.ActiveCfg = Release|Any CPU
		{F7618772-2833-4A8E-B885-B6EFE81306B5}.Release|Any CPU.Build.0 = Release|Any CPU
		{C71271C7-368B-483F-8C2C-C13EF3F255B4}.Debug|Any CPU.ActiveCfg = Debug|Any CPU
		{C71271C7-368B-483F-8C2C-C13EF3F255B4}.Debug|Any CPU.Build.0 = Debug|Any CPU
		{C71271C7-368B-483F-8C2C-C13EF3F255B4}.Release|Any CPU.ActiveCfg = Release|Any CPU
		{C71271C7-368B-483F-8C2C-C13EF3F255B4}.Release|Any CPU.Build.0 = Release|Any CPU
	EndGlobalSection
	GlobalSection(SolutionProperties) = preSolution
		HideSolutionNode = FALSE
	EndGlobalSection
	GlobalSection(ExtensibilityGlobals) = postSolution
		SolutionGuid = {06CF7DCD-1FA6-45BC-8BC8-2F7EE99CFFD2}
	EndGlobalSection
EndGlobal
